
Microsoft Visual Studio Solution File, Format Version 12.00
# Visual Studio Version 17
VisualStudioVersion = 17.9.34728.123
MinimumVisualStudioVersion = 10.0.40219.1
Project("{FAE04EC0-301F-11D3-BF4B-00C04F79EFBC}") = "URL_Shorter.Server", "URL_Shorter.Server\URL_Shorter.Server.csproj", "{0F8E6A6C-9619-4A7F-A52F-4895D8A2DBFC}"
EndProject
Project("{54A90642-561A-4BB1-A94E-469ADEE60C69}") = "url_shorter.client", "url_shorter.client\url_shorter.client.esproj", "{7BDCBAF8-2B36-439E-B8DD-D1BF7C585BFE}"
EndProject
Global
	GlobalSection(SolutionConfigurationPlatforms) = preSolution
		Debug|Any CPU = Debug|Any CPU
		Release|Any CPU = Release|Any CPU
	EndGlobalSection
	GlobalSection(ProjectConfigurationPlatforms) = postSolution
		{0F8E6A6C-9619-4A7F-A52F-4895D8A2DBFC}.Debug|Any CPU.ActiveCfg = Debug|Any CPU
		{0F8E6A6C-9619-4A7F-A52F-4895D8A2DBFC}.Debug|Any CPU.Build.0 = Debug|Any CPU
		{0F8E6A6C-9619-4A7F-A52F-4895D8A2DBFC}.Release|Any CPU.ActiveCfg = Release|Any CPU
		{0F8E6A6C-9619-4A7F-A52F-4895D8A2DBFC}.Release|Any CPU.Build.0 = Release|Any CPU
		{7BDCBAF8-2B36-439E-B8DD-D1BF7C585BFE}.Debug|Any CPU.ActiveCfg = Debug|Any CPU
		{7BDCBAF8-2B36-439E-B8DD-D1BF7C585BFE}.Debug|Any CPU.Build.0 = Debug|Any CPU
		{7BDCBAF8-2B36-439E-B8DD-D1BF7C585BFE}.Debug|Any CPU.Deploy.0 = Debug|Any CPU
		{7BDCBAF8-2B36-439E-B8DD-D1BF7C585BFE}.Release|Any CPU.ActiveCfg = Release|Any CPU
		{7BDCBAF8-2B36-439E-B8DD-D1BF7C585BFE}.Release|Any CPU.Build.0 = Release|Any CPU
		{7BDCBAF8-2B36-439E-B8DD-D1BF7C585BFE}.Release|Any CPU.Deploy.0 = Release|Any CPU
	EndGlobalSection
	GlobalSection(SolutionProperties) = preSolution
		HideSolutionNode = FALSE
	EndGlobalSection
	GlobalSection(ExtensibilityGlobals) = postSolution
		SolutionGuid = {EFB2A005-CE1F-4E55-BED0-FAE4EF7FE0AC}
	EndGlobalSection
EndGlobal
